<?xml version="1.0" encoding="utf-8"?>
<Project ToolsVersion="4.0" xmlns="http://schemas.microsoft.com/developer/msbuild/2003">
  <ItemGroup>
    <ClCompile Include="..\src\Client.cpp">
      <Filter>src</Filter>
    </ClCompile>
    <ClCompile Include="..\src\Logger.cpp">
      <Filter>src</Filter>
    </ClCompile>
    <ClCompile Include="..\src\System.cpp">
      <Filter>src</Filter>
    </ClCompile>
    <ClCompile Include="..\src\Utils.cpp">
      <Filter>src</Filter>
    </ClCompile>
    <ClCompile Include="..\src\main.cpp">
      <Filter>src</Filter>
    </ClCompile>
    <ClCompile Include="..\src\MutexedQueue.cpp">
      <Filter>src</Filter>
    </ClCompile>
    <ClCompile Include="..\src\ChunksManager.cpp">
      <Filter>src</Filter>
    </ClCompile>
  </ItemGroup>
  <ItemGroup>
    <ClInclude Include="..\include\Client.h">
      <Filter>include</Filter>
    </ClInclude>
    <ClInclude Include="..\include\Logger.h">
      <Filter>include</Filter>
    </ClInclude>
    <ClInclude Include="..\include\Requirements.h">
      <Filter>include</Filter>
    </ClInclude>
    <ClInclude Include="..\include\System.h">
      <Filter>include</Filter>
    </ClInclude>
    <ClInclude Include="..\include\Utils.h">
      <Filter>include</Filter>
    </ClInclude>
    <ClInclude Include="..\include\MutexedQueue.h">
      <Filter>include</Filter>
    </ClInclude>
    <ClInclude Include="..\include\ChunksManager.h">
      <Filter>include</Filter>
    </ClInclude>
  </ItemGroup>
  <ItemGroup>
    <Filter Include="include">
      <UniqueIdentifier>{9fb778f2-8463-40cc-b26e-771693bcdcbe}</UniqueIdentifier>
    </Filter>
    <Filter Include="src">
      <UniqueIdentifier>{0d018925-a159-4188-a044-07c07bd7db19}</UniqueIdentifier>
    </Filter>
  </ItemGroup>
</Project>